
Microsoft Visual Studio Solution File, Format Version 12.00
# Visual Studio Version 17
VisualStudioVersion = 17.3.32825.248
MinimumVisualStudioVersion = 10.0.40219.1
Project("{888888A0-9F3D-457C-B088-3A5042F75D52}") = "EAS 502 2-8", "EAS 502 2-8\EAS 502 2-8.pyproj", "{8CEAF263-DEFD-406B-9AAF-1A4176FE4229}"
EndProject
Global
	GlobalSection(SolutionConfigurationPlatforms) = preSolution
		Debug|Any CPU = Debug|Any CPU
		Release|Any CPU = Release|Any CPU
	EndGlobalSection
	GlobalSection(ProjectConfigurationPlatforms) = postSolution
		{8CEAF263-DEFD-406B-9AAF-1A4176FE4229}.Debug|Any CPU.ActiveCfg = Debug|Any CPU
		{8CEAF263-DEFD-406B-9AAF-1A4176FE4229}.Release|Any CPU.ActiveCfg = Release|Any CPU
	EndGlobalSection
	GlobalSection(SolutionProperties) = preSolution
		HideSolutionNode = FALSE
	EndGlobalSection
	GlobalSection(ExtensibilityGlobals) = postSolution
		SolutionGuid = {667271B3-4335-4721-86B5-3A28E0238A40}
	EndGlobalSection
EndGlobal
