
Microsoft Visual Studio Solution File, Format Version 12.00
# Visual Studio Version 17
VisualStudioVersion = 17.3.32825.248
MinimumVisualStudioVersion = 10.0.40219.1
Project("{888888A0-9F3D-457C-B088-3A5042F75D52}") = "EAS-502-26", "EAS-502-26\EAS-502-26.pyproj", "{39184240-B947-40B4-8183-82C50234951E}"
EndProject
Global
	GlobalSection(SolutionConfigurationPlatforms) = preSolution
		Debug|Any CPU = Debug|Any CPU
		Release|Any CPU = Release|Any CPU
	EndGlobalSection
	GlobalSection(ProjectConfigurationPlatforms) = postSolution
		{39184240-B947-40B4-8183-82C50234951E}.Debug|Any CPU.ActiveCfg = Debug|Any CPU
		{39184240-B947-40B4-8183-82C50234951E}.Release|Any CPU.ActiveCfg = Release|Any CPU
	EndGlobalSection
	GlobalSection(SolutionProperties) = preSolution
		HideSolutionNode = FALSE
	EndGlobalSection
	GlobalSection(ExtensibilityGlobals) = postSolution
		SolutionGuid = {1BEE6CC4-51CC-4CFA-A477-CC2E51582F18}
	EndGlobalSection
EndGlobal
