
Microsoft Visual Studio Solution File, Format Version 12.00
# Visual Studio Version 17
VisualStudioVersion = 17.3.32825.248
MinimumVisualStudioVersion = 10.0.40219.1
Project("{888888A0-9F3D-457C-B088-3A5042F75D52}") = "EAS-502-24", "EAS-502-24\EAS-502-24.pyproj", "{F373BF0D-7F57-4F01-9834-E3B848049B54}"
EndProject
Global
	GlobalSection(SolutionConfigurationPlatforms) = preSolution
		Debug|Any CPU = Debug|Any CPU
		Release|Any CPU = Release|Any CPU
	EndGlobalSection
	GlobalSection(ProjectConfigurationPlatforms) = postSolution
		{F373BF0D-7F57-4F01-9834-E3B848049B54}.Debug|Any CPU.ActiveCfg = Debug|Any CPU
		{F373BF0D-7F57-4F01-9834-E3B848049B54}.Release|Any CPU.ActiveCfg = Release|Any CPU
	EndGlobalSection
	GlobalSection(SolutionProperties) = preSolution
		HideSolutionNode = FALSE
	EndGlobalSection
	GlobalSection(ExtensibilityGlobals) = postSolution
		SolutionGuid = {2951139A-C5C3-4525-92DF-4441A1FE8111}
	EndGlobalSection
EndGlobal
