
Microsoft Visual Studio Solution File, Format Version 12.00
# Visual Studio Version 17
VisualStudioVersion = 17.3.32825.248
MinimumVisualStudioVersion = 10.0.40219.1
Project("{888888A0-9F3D-457C-B088-3A5042F75D52}") = "EAS-502-15", "EAS-502-15\EAS-502-15.pyproj", "{6E968F65-73F0-4A64-A734-FF2CA14F396A}"
EndProject
Global
	GlobalSection(SolutionConfigurationPlatforms) = preSolution
		Debug|Any CPU = Debug|Any CPU
		Release|Any CPU = Release|Any CPU
	EndGlobalSection
	GlobalSection(ProjectConfigurationPlatforms) = postSolution
		{6E968F65-73F0-4A64-A734-FF2CA14F396A}.Debug|Any CPU.ActiveCfg = Debug|Any CPU
		{6E968F65-73F0-4A64-A734-FF2CA14F396A}.Release|Any CPU.ActiveCfg = Release|Any CPU
	EndGlobalSection
	GlobalSection(SolutionProperties) = preSolution
		HideSolutionNode = FALSE
	EndGlobalSection
	GlobalSection(ExtensibilityGlobals) = postSolution
		SolutionGuid = {56CFF1C3-E3C1-4D03-8878-70A695C72D53}
	EndGlobalSection
EndGlobal
