
Microsoft Visual Studio Solution File, Format Version 12.00
# Visual Studio Version 17
VisualStudioVersion = 17.3.32825.248
MinimumVisualStudioVersion = 10.0.40219.1
Project("{888888A0-9F3D-457C-B088-3A5042F75D52}") = "EAS-502-19", "EAS-502-19\EAS-502-19.pyproj", "{E663189F-3E5F-4DFF-9087-9BD9633623D8}"
EndProject
Global
	GlobalSection(SolutionConfigurationPlatforms) = preSolution
		Debug|Any CPU = Debug|Any CPU
		Release|Any CPU = Release|Any CPU
	EndGlobalSection
	GlobalSection(ProjectConfigurationPlatforms) = postSolution
		{E663189F-3E5F-4DFF-9087-9BD9633623D8}.Debug|Any CPU.ActiveCfg = Debug|Any CPU
		{E663189F-3E5F-4DFF-9087-9BD9633623D8}.Release|Any CPU.ActiveCfg = Release|Any CPU
	EndGlobalSection
	GlobalSection(SolutionProperties) = preSolution
		HideSolutionNode = FALSE
	EndGlobalSection
	GlobalSection(ExtensibilityGlobals) = postSolution
		SolutionGuid = {894B9A27-A364-46E1-BE23-BB7D166AAB19}
	EndGlobalSection
EndGlobal
